
Microsoft Visual Studio Solution File, Format Version 12.00
# Visual Studio Version 17
VisualStudioVersion = 17.3.32825.248
MinimumVisualStudioVersion = 10.0.40219.1
Project("{FAE04EC0-301F-11D3-BF4B-00C04F79EFBC}") = "LanchesMac", "LanchesMac\LanchesMac.csproj", "{ED4212EE-BDD6-46CB-9F50-FF2ABCC04E46}"
EndProject
Global
	GlobalSection(SolutionConfigurationPlatforms) = preSolution
		Debug|Any CPU = Debug|Any CPU
		Release|Any CPU = Release|Any CPU
	EndGlobalSection
	GlobalSection(ProjectConfigurationPlatforms) = postSolution
		{ED4212EE-BDD6-46CB-9F50-FF2ABCC04E46}.Debug|Any CPU.ActiveCfg = Debug|Any CPU
		{ED4212EE-BDD6-46CB-9F50-FF2ABCC04E46}.Debug|Any CPU.Build.0 = Debug|Any CPU
		{ED4212EE-BDD6-46CB-9F50-FF2ABCC04E46}.Release|Any CPU.ActiveCfg = Release|Any CPU
		{ED4212EE-BDD6-46CB-9F50-FF2ABCC04E46}.Release|Any CPU.Build.0 = Release|Any CPU
	EndGlobalSection
	GlobalSection(SolutionProperties) = preSolution
		HideSolutionNode = FALSE
	EndGlobalSection
	GlobalSection(ExtensibilityGlobals) = postSolution
		SolutionGuid = {5D0CA6F7-95A4-49E6-ADFC-48A99EBC88FF}
	EndGlobalSection
EndGlobal
